// !$*UTF8*$!
{
	archiveVersion = 1;
	classes = {
	};
	objectVersion = 55;
	objects = {

/* Begin PBXBuildFile section */
		42615F642854F98E0053D5FC /* AppDelegate.swift in Sources */ = {isa = PBXBuildFile; fileRef = 42615F632854F98E0053D5FC /* AppDelegate.swift */; };
		42615F662854F98E0053D5FC /* SceneDelegate.swift in Sources */ = {isa = PBXBuildFile; fileRef = 42615F652854F98E0053D5FC /* SceneDelegate.swift */; };
		42615F682854F98E0053D5FC /* ViewController.swift in Sources */ = {isa = PBXBuildFile; fileRef = 42615F672854F98E0053D5FC /* ViewController.swift */; };
		42615F6B2854F98E0053D5FC /* Main.storyboard in Resources */ = {isa = PBXBuildFile; fileRef = 42615F692854F98E0053D5FC /* Main.storyboard */; };
		42615F6D2854F9910053D5FC /* Assets.xcassets in Resources */ = {isa = PBXBuildFile; fileRef = 42615F6C2854F9910053D5FC /* Assets.xcassets */; };
		42615F702854F9910053D5FC /* LaunchScreen.storyboard in Resources */ = {isa = PBXBuildFile; fileRef = 42615F6E2854F9910053D5FC /* LaunchScreen.storyboard */; };
		42615F792854FAB40053D5FC /* TableViewCell.swift in Sources */ = {isa = PBXBuildFile; fileRef = 42615F772854FAB40053D5FC /* TableViewCell.swift */; };
		42615F7A2854FAB40053D5FC /* TableViewCell.xib in Resources */ = {isa = PBXBuildFile; fileRef = 42615F782854FAB40053D5FC /* TableViewCell.xib */; };
/* End PBXBuildFile section */

/* Begin PBXFileReference section */
		42615F602854F98E0053D5FC /* homework-week-4-aleynamandaci.app */ = {isa = PBXFileReference; explicitFileType = wrapper.application; includeInIndex = 0; path = "homework-week-4-aleynamandaci.app"; sourceTree = BUILT_PRODUCTS_DIR; };
		42615F632854F98E0053D5FC /* AppDelegate.swift */ = {isa = PBXFileReference; lastKnownFileType = sourcecode.swift; path = AppDelegate.swift; sourceTree = "<group>"; };
		42615F652854F98E0053D5FC /* SceneDelegate.swift */ = {isa = PBXFileReference; lastKnownFileType = sourcecode.swift; path = SceneDelegate.swift; sourceTree = "<group>"; };
		42615F672854F98E0053D5FC /* ViewController.swift */ = {isa = PBXFileReference; lastKnownFileType = sourcecode.swift; path = ViewController.swift; sourceTree = "<group>"; };
		42615F6A2854F98E0053D5FC /* Base */ = {isa = PBXFileReference; lastKnownFileType = file.storyboard; name = Base; path = Base.lproj/Main.storyboard; sourceTree = "<group>"; };
		42615F6C2854F9910053D5FC /* Assets.xcassets */ = {isa = PBXFileReference; lastKnownFileType = folder.assetcatalog; path = Assets.xcassets; sourceTree = "<group>"; };
		42615F6F2854F9910053D5FC /* Base */ = {isa = PBXFileReference; lastKnownFileType = file.storyboard; name = Base; path = Base.lproj/LaunchScreen.storyboard; sourceTree = "<group>"; };
		42615F712854F9910053D5FC /* Info.plist */ = {isa = PBXFileReference; lastKnownFileType = text.plist.xml; path = Info.plist; sourceTree = "<group>"; };
		42615F772854FAB40053D5FC /* TableViewCell.swift */ = {isa = PBXFileReference; lastKnownFileType = sourcecode.swift; path = TableViewCell.swift; sourceTree = "<group>"; };
		42615F782854FAB40053D5FC /* TableViewCell.xib */ = {isa = PBXFileReference; lastKnownFileType = file.xib; path = TableViewCell.xib; sourceTree = "<group>"; };
/* End PBXFileReference section */

/* Begin PBXFrameworksBuildPhase section */
		42615F5D2854F98E0053D5FC /* Frameworks */ = {
			isa = PBXFrameworksBuildPhase;
			buildActionMask = 2147483647;
			files = (
			);
			runOnlyForDeploymentPostprocessing = 0;
		};
/* End PBXFrameworksBuildPhase section */

/* Begin PBXGroup section */
		42615F572854F98E0053D5FC = {
			isa = PBXGroup;
			children = (
				42615F622854F98E0053D5FC /* homework-week-4-aleynamandaci */,
				42615F612854F98E0053D5FC /* Products */,
			);
			sourceTree = "<group>";
		};
		42615F612854F98E0053D5FC /* Products */ = {
			isa = PBXGroup;
			children = (
				42615F602854F98E0053D5FC /* homework-week-4-aleynamandaci.app */,
			);
			name = Products;
			sourceTree = "<group>";
		};
		42615F622854F98E0053D5FC /* homework-week-4-aleynamandaci */ = {
			isa = PBXGroup;
			children = (
				42615F632854F98E0053D5FC /* AppDelegate.swift */,
				42615F652854F98E0053D5FC /* SceneDelegate.swift */,
				42615F672854F98E0053D5FC /* ViewController.swift */,
				42615F692854F98E0053D5FC /* Main.storyboard */,
				42615F6C2854F9910053D5FC /* Assets.xcassets */,
				42615F6E2854F9910053D5FC /* LaunchScreen.storyboard */,
				42615F712854F9910053D5FC /* Info.plist */,
				42615F772854FAB40053D5FC /* TableViewCell.swift */,
				42615F782854FAB40053D5FC /* TableViewCell.xib */,
			);
			path = "homework-week-4-aleynamandaci";
			sourceTree = "<group>";
		};
/* End PBXGroup section */

/* Begin PBXNativeTarget section */
		42615F5F2854F98E0053D5FC /* homework-week-4-aleynamandaci */ = {
			isa = PBXNativeTarget;
			buildConfigurationList = 42615F742854F9910053D5FC /* Build configuration list for PBXNativeTarget "homework-week-4-aleynamandaci" */;
			buildPhases = (
				42615F5C2854F98E0053D5FC /* Sources */,
				42615F5D2854F98E0053D5FC /* Frameworks */,
				42615F5E2854F98E0053D5FC /* Resources */,
			);
			buildRules = (
			);
			dependencies = (
			);
			name = "homework-week-4-aleynamandaci";
			productName = "homework-week-4-aleynamandaci";
			productReference = 42615F602854F98E0053D5FC /* homework-week-4-aleynamandaci.app */;
			productType = "com.apple.product-type.application";
		};
/* End PBXNativeTarget section */

/* Begin PBXProject section */
		42615F582854F98E0053D5FC /* Project object */ = {
			isa = PBXProject;
			attributes = {
				BuildIndependentTargetsInParallel = 1;
				LastSwiftUpdateCheck = 1340;
				LastUpgradeCheck = 1340;
				TargetAttributes = {
					42615F5F2854F98E0053D5FC = {
						CreatedOnToolsVersion = 13.4.1;
					};
				};
			};
			buildConfigurationList = 42615F5B2854F98E0053D5FC /* Build configuration list for PBXProject "homework-week-4-aleynamandaci" */;
			compatibilityVersion = "Xcode 13.0";
			developmentRegion = en;
			hasScannedForEncodings = 0;
			knownRegions = (
				en,
				Base,
			);
			mainGroup = 42615F572854F98E0053D5FC;
			productRefGroup = 42615F612854F98E0053D5FC /* Products */;
			projectDirPath = "";
			projectRoot = "";
			targets = (
				42615F5F2854F98E0053D5FC /* homework-week-4-aleynamandaci */,
			);
		};
/* End PBXProject section */

/* Begin PBXResourcesBuildPhase section */
		42615F5E2854F98E0053D5FC /* Resources */ = {
			isa = PBXResourcesBuildPhase;
			buildActionMask = 2147483647;
			files = (
				42615F702854F9910053D5FC /* LaunchScreen.storyboard in Resources */,
				42615F7A2854FAB40053D5FC /* TableViewCell.xib in Resources */,
				42615F6D2854F9910053D5FC /* Assets.xcassets in Resources */,
				42615F6B2854F98E0053D5FC /* Main.storyboard in Resources */,
			);
			runOnlyForDeploymentPostprocessing = 0;
		};
/* End PBXResourcesBuildPhase section */

/* Begin PBXSourcesBuildPhase section */
		42615F5C2854F98E0053D5FC /* Sources */ = {
			isa = PBXSourcesBuildPhase;
			buildActionMask = 2147483647;
			files = (
				42615F682854F98E0053D5FC /* ViewController.swift in Sources */,
				42615F792854FAB40053D5FC /* TableViewCell.swift in Sources */,
				42615F642854F98E0053D5FC /* AppDelegate.swift in Sources */,
				42615F662854F98E0053D5FC /* SceneDelegate.swift in Sources */,
			);
			runOnlyForDeploymentPostprocessing = 0;
		};
/* End PBXSourcesBuildPhase section */

/* Begin PBXVariantGroup section */
		42615F692854F98E0053D5FC /* Main.storyboard */ = {
			isa = PBXVariantGroup;
			children = (
				42615F6A2854F98E0053D5FC /* Base */,
			);
			name = Main.storyboard;
			sourceTree = "<group>";
		};
		42615F6E2854F9910053D5FC /* LaunchScreen.storyboard */ = {
			isa = PBXVariantGroup;
			children = (
				42615F6F2854F9910053D5FC /* Base */,
			);
			name = LaunchScreen.storyboard;
			sourceTree = "<group>";
		};
/* End PBXVariantGroup section */

/* Begin XCBuildConfiguration section */
		42615F722854F9910053D5FC /* Debug */ = {
			isa = XCBuildConfiguration;
			buildSettings = {
				ALWAYS_SEARCH_USER_PATHS = NO;
				CLANG_ANALYZER_NONNULL = YES;
				CLANG_ANALYZER_NUMBER_OBJECT_CONVERSION = YES_AGGRESSIVE;
				CLANG_CXX_LANGUAGE_STANDARD = "gnu++17";
				CLANG_ENABLE_MODULES = YES;
				CLANG_ENABLE_OBJC_ARC = YES;
				CLANG_ENABLE_OBJC_WEAK = YES;
				CLANG_WARN_BLOCK_CAPTURE_AUTORELEASING = YES;
				CLANG_WARN_BOOL_CONVERSION = YES;
				CLANG_WARN_COMMA = YES;
				CLANG_WARN_CONSTANT_CONVERSION = YES;
				CLANG_WARN_DEPRECATED_OBJC_IMPLEMENTATIONS = YES;
				CLANG_WARN_DIRECT_OBJC_ISA_USAGE = YES_ERROR;
				CLANG_WARN_DOCUMENTATION_COMMENTS = YES;
				CLANG_WARN_EMPTY_BODY = YES;
				CLANG_WARN_ENUM_CONVERSION = YES;
				CLANG_WARN_INFINITE_RECURSION = YES;
				CLANG_WARN_INT_CONVERSION = YES;
				CLANG_WARN_NON_LITERAL_NULL_CONVERSION = YES;
				CLANG_WARN_OBJC_IMPLICIT_RETAIN_SELF = YES;
				CLANG_WARN_OBJC_LITERAL_CONVERSION = YES;
				CLANG_WARN_OBJC_ROOT_CLASS = YES_ERROR;
				CLANG_WARN_QUOTED_INCLUDE_IN_FRAMEWORK_HEADER = YES;
				CLANG_WARN_RANGE_LOOP_ANALYSIS = YES;
				CLANG_WARN_STRICT_PROTOTYPES = YES;
				CLANG_WARN_SUSPICIOUS_MOVE = YES;
				CLANG_WARN_UNGUARDED_AVAILABILITY = YES_AGGRESSIVE;
				CLANG_WARN_UNREACHABLE_CODE = YES;
				CLANG_WARN__DUPLICATE_METHOD_MATCH = YES;
				COPY_PHASE_STRIP = NO;
				DEBUG_INFORMATION_FORMAT = dwarf;
				ENABLE_STRICT_OBJC_MSGSEND = YES;
				ENABLE_TESTABILITY = YES;
				GCC_C_LANGUAGE_STANDARD = gnu11;
				GCC_DYNAMIC_NO_PIC = NO;
				GCC_NO_COMMON_BLOCKS = YES;
				GCC_OPTIMIZATION_LEVEL = 0;
				GCC_PREPROCESSOR_DEFINITIONS = (
					"DEBUG=1",
					"$(inherited)",
				);
				GCC_WARN_64_TO_32_BIT_CONVERSION = YES;
				GCC_WARN_ABOUT_RETURN_TYPE = YES_ERROR;
				GCC_WARN_UNDECLARED_SELECTOR = YES;
				GCC_WARN_UNINITIALIZED_AUTOS = YES_AGGRESSIVE;
				GCC_WARN_UNUSED_FUNCTION = YES;
				GCC_WARN_UNUSED_VARIABLE = YES;
				IPHONEOS_DEPLOYMENT_TARGET = 15.5;
				MTL_ENABLE_DEBUG_INFO = INCLUDE_SOURCE;
				MTL_FAST_MATH = YES;
				ONLY_ACTIVE_ARCH = YES;
				SDKROOT = iphoneos;
				SWIFT_ACTIVE_COMPILATION_CONDITIONS = DEBUG;
				SWIFT_OPTIMIZATION_LEVEL = "-Onone";
			};
			name = Debug;
		};
		42615F732854F9910053D5FC /* Release */ = {
			isa = XCBuildConfiguration;
			buildSettings = {
				ALWAYS_SEARCH_USER_PATHS = NO;
				CLANG_ANALYZER_NONNULL = YES;
				CLANG_ANALYZER_NUMBER_OBJECT_CONVERSION = YES_AGGRESSIVE;
				CLANG_CXX_LANGUAGE_STANDARD = "gnu++17";
				CLANG_ENABLE_MODULES = YES;
				CLANG_ENABLE_OBJC_ARC = YES;
				CLANG_ENABLE_OBJC_WEAK = YES;
				CLANG_WARN_BLOCK_CAPTURE_AUTORELEASING = YES;
				CLANG_WARN_BOOL_CONVERSION = YES;
				CLANG_WARN_COMMA = YES;
				CLANG_WARN_CONSTANT_CONVERSION = YES;
				CLANG_WARN_DEPRECATED_OBJC_IMPLEMENTATIONS = YES;
				CLANG_WARN_DIRECT_OBJC_ISA_USAGE = YES_ERROR;
				CLANG_WARN_DOCUMENTATION_COMMENTS = YES;
				CLANG_WARN_EMPTY_BODY = YES;
				CLANG_WARN_ENUM_CONVERSION = YES;
				CLANG_WARN_INFINITE_RECURSION = YES;
				CLANG_WARN_INT_CONVERSION = YES;
				CLANG_WARN_NON_LITERAL_NULL_CONVERSION = YES;
				CLANG_WARN_OBJC_IMPLICIT_RETAIN_SELF = YES;
				CLANG_WARN_OBJC_LITERAL_CONVERSION = YES;
				CLANG_WARN_OBJC_ROOT_CLASS = YES_ERROR;
				CLANG_WARN_QUOTED_INCLUDE_IN_FRAMEWORK_HEADER = YES;
				CLANG_WARN_RANGE_LOOP_ANALYSIS = YES;
				CLANG_WARN_STRICT_PROTOTYPES = YES;
				CLANG_WARN_SUSPICIOUS_MOVE = YES;
				CLANG_WARN_UNGUARDED_AVAILABILITY = YES_AGGRESSIVE;
				CLANG_WARN_UNREACHABLE_CODE = YES;
				CLANG_WARN__DUPLICATE_METHOD_MATCH = YES;
				COPY_PHASE_STRIP = NO;
				DEBUG_INFORMATION_FORMAT = "dwarf-with-dsym";
				ENABLE_NS_ASSERTIONS = NO;
				ENABLE_STRICT_OBJC_MSGSEND = YES;
				GCC_C_LANGUAGE_STANDARD = gnu11;
				GCC_NO_COMMON_BLOCKS = YES;
				GCC_WARN_64_TO_32_BIT_CONVERSION = YES;
				GCC_WARN_ABOUT_RETURN_TYPE = YES_ERROR;
				GCC_WARN_UNDECLARED_SELECTOR = YES;
				GCC_WARN_UNINITIALIZED_AUTOS = YES_AGGRESSIVE;
				GCC_WARN_UNUSED_FUNCTION = YES;
				GCC_WARN_UNUSED_VARIABLE = YES;
				IPHONEOS_DEPLOYMENT_TARGET = 15.5;
				MTL_ENABLE_DEBUG_INFO = NO;
				MTL_FAST_MATH = YES;
				SDKROOT = iphoneos;
				SWIFT_COMPILATION_MODE = wholemodule;
				SWIFT_OPTIMIZATION_LEVEL = "-O";
				VALIDATE_PRODUCT = YES;
			};
			name = Release;
		};
		42615F752854F9910053D5FC /* Debug */ = {
			isa = XCBuildConfiguration;
			buildSettings = {
				ASSETCATALOG_COMPILER_APPICON_NAME = AppIcon;
				ASSETCATALOG_COMPILER_GLOBAL_ACCENT_COLOR_NAME = AccentColor;
				CODE_SIGN_STYLE = Automatic;
				CURRENT_PROJECT_VERSION = 1;
				DEVELOPMENT_TEAM = 3K72UMSAB9;
				GENERATE_INFOPLIST_FILE = YES;
				INFOPLIST_FILE = "homework-week-4-aleynamandaci/Info.plist";
				INFOPLIST_KEY_UIApplicationSupportsIndirectInputEvents = YES;
				INFOPLIST_KEY_UILaunchStoryboardName = LaunchScreen;
				INFOPLIST_KEY_UIMainStoryboardFile = Main;
				INFOPLIST_KEY_UISupportedInterfaceOrientations_iPad = "UIInterfaceOrientationPortrait UIInterfaceOrientationPortraitUpsideDown UIInterfaceOrientationLandscapeLeft UIInterfaceOrientationLandscapeRight";
				INFOPLIST_KEY_UISupportedInterfaceOrientations_iPhone = "UIInterfaceOrientationPortrait UIInterfaceOrientationLandscapeLeft UIInterfaceOrientationLandscapeRight";
				LD_RUNPATH_SEARCH_PATHS = (
					"$(inherited)",
					"@executable_path/Frameworks",
				);
				MARKETING_VERSION = 1.0;
				PRODUCT_BUNDLE_IDENTIFIER = "aleynamandaci.com.homework-week-4-aleynamandaci";
				PRODUCT_NAME = "$(TARGET_NAME)";
				SWIFT_EMIT_LOC_STRINGS = YES;
				SWIFT_VERSION = 5.0;
				TARGETED_DEVICE_FAMILY = "1,2";
			};
			name = Debug;
		};
		42615F762854F9910053D5FC /* Release */ = {
			isa = XCBuildConfiguration;
			buildSettings = {
				ASSETCATALOG_COMPILER_APPICON_NAME = AppIcon;
				ASSETCATALOG_COMPILER_GLOBAL_ACCENT_COLOR_NAME = AccentColor;
				CODE_SIGN_STYLE = Automatic;
				CURRENT_PROJECT_VERSION = 1;
				DEVELOPMENT_TEAM = 3K72UMSAB9;
				GENERATE_INFOPLIST_FILE = YES;
				INFOPLIST_FILE = "homework-week-4-aleynamandaci/Info.plist";
				INFOPLIST_KEY_UIApplicationSupportsIndirectInputEvents = YES;
				INFOPLIST_KEY_UILaunchStoryboardName = LaunchScreen;
				INFOPLIST_KEY_UIMainStoryboardFile = Main;
				INFOPLIST_KEY_UISupportedInterfaceOrientations_iPad = "UIInterfaceOrientationPortrait UIInterfaceOrientationPortraitUpsideDown UIInterfaceOrientationLandscapeLeft UIInterfaceOrientationLandscapeRight";
				INFOPLIST_KEY_UISupportedInterfaceOrientations_iPhone = "UIInterfaceOrientationPortrait UIInterfaceOrientationLandscapeLeft UIInterfaceOrientationLandscapeRight";
				LD_RUNPATH_SEARCH_PATHS = (
					"$(inherited)",
					"@executable_path/Frameworks",
				);
				MARKETING_VERSION = 1.0;
				PRODUCT_BUNDLE_IDENTIFIER = "aleynamandaci.com.homework-week-4-aleynamandaci";
				PRODUCT_NAME = "$(TARGET_NAME)";
				SWIFT_EMIT_LOC_STRINGS = YES;
				SWIFT_VERSION = 5.0;
				TARGETED_DEVICE_FAMILY = "1,2";
			};
			name = Release;
		};
/* End XCBuildConfiguration section */

/* Begin XCConfigurationList section */
		42615F5B2854F98E0053D5FC /* Build configuration list for PBXProject "homework-week-4-aleynamandaci" */ = {
			isa = XCConfigurationList;
			buildConfigurations = (
				42615F722854F9910053D5FC /* Debug */,
				42615F732854F9910053D5FC /* Release */,
			);
			defaultConfigurationIsVisible = 0;
			defaultConfigurationName = Release;
		};
		42615F742854F9910053D5FC /* Build configuration list for PBXNativeTarget "homework-week-4-aleynamandaci" */ = {
			isa = XCConfigurationList;
			buildConfigurations = (
				42615F752854F9910053D5FC /* Debug */,
				42615F762854F9910053D5FC /* Release */,
			);
			defaultConfigurationIsVisible = 0;
			defaultConfigurationName = Release;
		};
/* End XCConfigurationList section */
	};
	rootObject = 42615F582854F98E0053D5FC /* Project object */;
}
